{
  "name": "chess-uci-sample",
  "version": "0.1.1",
  "lockfileVersion": 2,
  "requires": true,
  "packages": {
    "": {
      "name": "chess-uci-sample",
      "version": "0.1.1",
      "license": "MIT",
      "devDependencies": {
        "chess-uci": "file:.."
      }
    },
    "..": {
      "version": "0.3.2",
      "dev": true,
      "license": "MIT"
    },
    "node_modules/chess-uci": {
      "resolved": "..",
      "link": true
    }
  },
  "dependencies": {
    "chess-uci": {
      "version": "file:.."
    }
  }
}
